
Microsoft Visual Studio Solution File, Format Version 12.00
# Visual Studio Version 17
VisualStudioVersion = 17.8.34316.72
MinimumVisualStudioVersion = 10.0.40219.1
Project("{9A19103F-16F7-4668-BE54-9A1E7A4F7556}") = "TestAppConfig", "TestAppConfig.csproj", "{ABE3DDCC-8F45-4214-9C4E-CFB620A16A84}"
EndProject
Global
	GlobalSection(SolutionConfigurationPlatforms) = preSolution
		Debug|Any CPU = Debug|Any CPU
		Release|Any CPU = Release|Any CPU
	EndGlobalSection
	GlobalSection(ProjectConfigurationPlatforms) = postSolution
		{ABE3DDCC-8F45-4214-9C4E-CFB620A16A84}.Debug|Any CPU.ActiveCfg = Debug|Any CPU
		{ABE3DDCC-8F45-4214-9C4E-CFB620A16A84}.Debug|Any CPU.Build.0 = Debug|Any CPU
		{ABE3DDCC-8F45-4214-9C4E-CFB620A16A84}.Release|Any CPU.ActiveCfg = Release|Any CPU
		{ABE3DDCC-8F45-4214-9C4E-CFB620A16A84}.Release|Any CPU.Build.0 = Release|Any CPU
	EndGlobalSection
	GlobalSection(SolutionProperties) = preSolution
		HideSolutionNode = FALSE
	EndGlobalSection
	GlobalSection(ExtensibilityGlobals) = postSolution
		SolutionGuid = {CFF6E2CE-0978-4F0A-900F-95ECE491A6DD}
	EndGlobalSection
EndGlobal
